
Microsoft Visual Studio Solution File, Format Version 12.00
# Visual Studio 14
VisualStudioVersion = 14.0.25420.1
MinimumVisualStudioVersion = 10.0.40219.1
Project("{FAE04EC0-301F-11D3-BF4B-00C04F79EFBC}") = "Sitecore.Framework.Fields", "Sitecore.Fields\Sitecore.Framework.Fields.csproj", "{75F41C7B-B577-4FEC-B38F-0AD94B92A3A2}"
EndProject
Global
	GlobalSection(SolutionConfigurationPlatforms) = preSolution
		Debug|Any CPU = Debug|Any CPU
		Release|Any CPU = Release|Any CPU
	EndGlobalSection
	GlobalSection(ProjectConfigurationPlatforms) = postSolution
		{75F41C7B-B577-4FEC-B38F-0AD94B92A3A2}.Debug|Any CPU.ActiveCfg = Debug|Any CPU
		{75F41C7B-B577-4FEC-B38F-0AD94B92A3A2}.Debug|Any CPU.Build.0 = Debug|Any CPU
		{75F41C7B-B577-4FEC-B38F-0AD94B92A3A2}.Release|Any CPU.ActiveCfg = Release|Any CPU
		{75F41C7B-B577-4FEC-B38F-0AD94B92A3A2}.Release|Any CPU.Build.0 = Release|Any CPU
	EndGlobalSection
	GlobalSection(SolutionProperties) = preSolution
		HideSolutionNode = FALSE
	EndGlobalSection
EndGlobal
